
Microsoft Visual Studio Solution File, Format Version 12.00
# Visual Studio Version 17
VisualStudioVersion = 17.0.31903.59
MinimumVisualStudioVersion = 10.0.40219.1
Project("{2150E333-8FDC-42A3-9474-1A3956D46DE8}") = "src", "src", "{827E0CD3-B72D-47B6-A68D-7590B98EB39B}"
EndProject
Project("{FAE04EC0-301F-11D3-BF4B-00C04F79EFBC}") = "AwinFeedSync.Console", "src\AwinFeedSync.Console\AwinFeedSync.Console.csproj", "{A437A83C-E4CE-46CB-A028-C2433457735D}"
EndProject
Project("{FAE04EC0-301F-11D3-BF4B-00C04F79EFBC}") = "AwinFeedSync.Core", "src\AwinFeedSync.Core\AwinFeedSync.Core.csproj", "{84E8E57A-1EDC-4723-898F-8F74C4865984}"
EndProject
Project("{FAE04EC0-301F-11D3-BF4B-00C04F79EFBC}") = "AwinFeedSync.Infrastructure", "src\AwinFeedSync.Infrastructure\AwinFeedSync.Infrastructure.csproj", "{18CB0D67-EF42-4653-9480-1BA8E6F003DC}"
EndProject
Project("{2150E333-8FDC-42A3-9474-1A3956D46DE8}") = "tests", "tests", "{0AB3BF05-4346-4AA6-1389-037BE0695223}"
EndProject
Project("{FAE04EC0-301F-11D3-BF4B-00C04F79EFBC}") = "AwinFeedSync.Tests", "tests\AwinFeedSync.Tests\AwinFeedSync.Tests.csproj", "{7D5494E9-0222-4C8E-A632-D40D60722CE5}"
EndProject
Global
	GlobalSection(SolutionConfigurationPlatforms) = preSolution
		Debug|Any CPU = Debug|Any CPU
		Debug|x64 = Debug|x64
		Debug|x86 = Debug|x86
		Release|Any CPU = Release|Any CPU
		Release|x64 = Release|x64
		Release|x86 = Release|x86
	EndGlobalSection
	GlobalSection(ProjectConfigurationPlatforms) = postSolution
		{A437A83C-E4CE-46CB-A028-C2433457735D}.Debug|Any CPU.ActiveCfg = Debug|Any CPU
		{A437A83C-E4CE-46CB-A028-C2433457735D}.Debug|Any CPU.Build.0 = Debug|Any CPU
		{A437A83C-E4CE-46CB-A028-C2433457735D}.Debug|x64.ActiveCfg = Debug|Any CPU
		{A437A83C-E4CE-46CB-A028-C2433457735D}.Debug|x64.Build.0 = Debug|Any CPU
		{A437A83C-E4CE-46CB-A028-C2433457735D}.Debug|x86.ActiveCfg = Debug|Any CPU
		{A437A83C-E4CE-46CB-A028-C2433457735D}.Debug|x86.Build.0 = Debug|Any CPU
		{A437A83C-E4CE-46CB-A028-C2433457735D}.Release|Any CPU.ActiveCfg = Release|Any CPU
		{A437A83C-E4CE-46CB-A028-C2433457735D}.Release|Any CPU.Build.0 = Release|Any CPU
		{A437A83C-E4CE-46CB-A028-C2433457735D}.Release|x64.ActiveCfg = Release|Any CPU
		{A437A83C-E4CE-46CB-A028-C2433457735D}.Release|x64.Build.0 = Release|Any CPU
		{A437A83C-E4CE-46CB-A028-C2433457735D}.Release|x86.ActiveCfg = Release|Any CPU
		{A437A83C-E4CE-46CB-A028-C2433457735D}.Release|x86.Build.0 = Release|Any CPU
		{84E8E57A-1EDC-4723-898F-8F74C4865984}.Debug|Any CPU.ActiveCfg = Debug|Any CPU
		{84E8E57A-1EDC-4723-898F-8F74C4865984}.Debug|Any CPU.Build.0 = Debug|Any CPU
		{84E8E57A-1EDC-4723-898F-8F74C4865984}.Debug|x64.ActiveCfg = Debug|Any CPU
		{84E8E57A-1EDC-4723-898F-8F74C4865984}.Debug|x64.Build.0 = Debug|Any CPU
		{84E8E57A-1EDC-4723-898F-8F74C4865984}.Debug|x86.ActiveCfg = Debug|Any CPU
		{84E8E57A-1EDC-4723-898F-8F74C4865984}.Debug|x86.Build.0 = Debug|Any CPU
		{84E8E57A-1EDC-4723-898F-8F74C4865984}.Release|Any CPU.ActiveCfg = Release|Any CPU
		{84E8E57A-1EDC-4723-898F-8F74C4865984}.Release|Any CPU.Build.0 = Release|Any CPU
		{84E8E57A-1EDC-4723-898F-8F74C4865984}.Release|x64.ActiveCfg = Release|Any CPU
		{84E8E57A-1EDC-4723-898F-8F74C4865984}.Release|x64.Build.0 = Release|Any CPU
		{84E8E57A-1EDC-4723-898F-8F74C4865984}.Release|x86.ActiveCfg = Release|Any CPU
		{84E8E57A-1EDC-4723-898F-8F74C4865984}.Release|x86.Build.0 = Release|Any CPU
		{18CB0D67-EF42-4653-9480-1BA8E6F003DC}.Debug|Any CPU.ActiveCfg = Debug|Any CPU
		{18CB0D67-EF42-4653-9480-1BA8E6F003DC}.Debug|Any CPU.Build.0 = Debug|Any CPU
		{18CB0D67-EF42-4653-9480-1BA8E6F003DC}.Debug|x64.ActiveCfg = Debug|Any CPU
		{18CB0D67-EF42-4653-9480-1BA8E6F003DC}.Debug|x64.Build.0 = Debug|Any CPU
		{18CB0D67-EF42-4653-9480-1BA8E6F003DC}.Debug|x86.ActiveCfg = Debug|Any CPU
		{18CB0D67-EF42-4653-9480-1BA8E6F003DC}.Debug|x86.Build.0 = Debug|Any CPU
		{18CB0D67-EF42-4653-9480-1BA8E6F003DC}.Release|Any CPU.ActiveCfg = Release|Any CPU
		{18CB0D67-EF42-4653-9480-1BA8E6F003DC}.Release|Any CPU.Build.0 = Release|Any CPU
		{18CB0D67-EF42-4653-9480-1BA8E6F003DC}.Release|x64.ActiveCfg = Release|Any CPU
		{18CB0D67-EF42-4653-9480-1BA8E6F003DC}.Release|x64.Build.0 = Release|Any CPU
		{18CB0D67-EF42-4653-9480-1BA8E6F003DC}.Release|x86.ActiveCfg = Release|Any CPU
		{18CB0D67-EF42-4653-9480-1BA8E6F003DC}.Release|x86.Build.0 = Release|Any CPU
		{7D5494E9-0222-4C8E-A632-D40D60722CE5}.Debug|Any CPU.ActiveCfg = Debug|Any CPU
		{7D5494E9-0222-4C8E-A632-D40D60722CE5}.Debug|Any CPU.Build.0 = Debug|Any CPU
		{7D5494E9-0222-4C8E-A632-D40D60722CE5}.Debug|x64.ActiveCfg = Debug|Any CPU
		{7D5494E9-0222-4C8E-A632-D40D60722CE5}.Debug|x64.Build.0 = Debug|Any CPU
		{7D5494E9-0222-4C8E-A632-D40D60722CE5}.Debug|x86.ActiveCfg = Debug|Any CPU
		{7D5494E9-0222-4C8E-A632-D40D60722CE5}.Debug|x86.Build.0 = Debug|Any CPU
		{7D5494E9-0222-4C8E-A632-D40D60722CE5}.Release|Any CPU.ActiveCfg = Release|Any CPU
		{7D5494E9-0222-4C8E-A632-D40D60722CE5}.Release|Any CPU.Build.0 = Release|Any CPU
		{7D5494E9-0222-4C8E-A632-D40D60722CE5}.Release|x64.ActiveCfg = Release|Any CPU
		{7D5494E9-0222-4C8E-A632-D40D60722CE5}.Release|x64.Build.0 = Release|Any CPU
		{7D5494E9-0222-4C8E-A632-D40D60722CE5}.Release|x86.ActiveCfg = Release|Any CPU
		{7D5494E9-0222-4C8E-A632-D40D60722CE5}.Release|x86.Build.0 = Release|Any CPU
	EndGlobalSection
	GlobalSection(SolutionProperties) = preSolution
		HideSolutionNode = FALSE
	EndGlobalSection
	GlobalSection(NestedProjects) = preSolution
		{A437A83C-E4CE-46CB-A028-C2433457735D} = {827E0CD3-B72D-47B6-A68D-7590B98EB39B}
		{84E8E57A-1EDC-4723-898F-8F74C4865984} = {827E0CD3-B72D-47B6-A68D-7590B98EB39B}
		{18CB0D67-EF42-4653-9480-1BA8E6F003DC} = {827E0CD3-B72D-47B6-A68D-7590B98EB39B}
		{7D5494E9-0222-4C8E-A632-D40D60722CE5} = {0AB3BF05-4346-4AA6-1389-037BE0695223}
	EndGlobalSection
EndGlobal
